
Microsoft Visual Studio Solution File, Format Version 12.00
# Visual Studio 2017
Project("{FAE04EC0-301F-11D3-BF4B-00C04F79EFBC}") = "《The Lab》-Interaction System", "《The Lab》-Interaction System.csproj", "{232F93AE-304E-2242-712E-AB29999EC8B1}"
EndProject
Project("{FAE04EC0-301F-11D3-BF4B-00C04F79EFBC}") = "《The Lab》-Interaction System.Editor", "《The Lab》-Interaction System.Editor.csproj", "{ED9E50AC-1AC5-DAF8-DBA9-8A124217BFAA}"
EndProject
Global
	GlobalSection(SolutionConfigurationPlatforms) = preSolution
		Debug|Any CPU = Debug|Any CPU
		Release|Any CPU = Release|Any CPU
	EndGlobalSection
	GlobalSection(ProjectConfigurationPlatforms) = postSolution
		{232F93AE-304E-2242-712E-AB29999EC8B1}.Debug|Any CPU.ActiveCfg = Debug|Any CPU
		{232F93AE-304E-2242-712E-AB29999EC8B1}.Debug|Any CPU.Build.0 = Debug|Any CPU
		{232F93AE-304E-2242-712E-AB29999EC8B1}.Release|Any CPU.ActiveCfg = Release|Any CPU
		{232F93AE-304E-2242-712E-AB29999EC8B1}.Release|Any CPU.Build.0 = Release|Any CPU
		{ED9E50AC-1AC5-DAF8-DBA9-8A124217BFAA}.Debug|Any CPU.ActiveCfg = Debug|Any CPU
		{ED9E50AC-1AC5-DAF8-DBA9-8A124217BFAA}.Debug|Any CPU.Build.0 = Debug|Any CPU
		{ED9E50AC-1AC5-DAF8-DBA9-8A124217BFAA}.Release|Any CPU.ActiveCfg = Release|Any CPU
		{ED9E50AC-1AC5-DAF8-DBA9-8A124217BFAA}.Release|Any CPU.Build.0 = Release|Any CPU
	EndGlobalSection
	GlobalSection(SolutionProperties) = preSolution
		HideSolutionNode = FALSE
	EndGlobalSection
EndGlobal
