
Microsoft Visual Studio Solution File, Format Version 12.00
# Visual Studio 2017
Project("{FAE04EC0-301F-11D3-BF4B-00C04F79EFBC}") = "Unity5.6.0f3Gaze", "Unity5.6.0f3Gaze.csproj", "{A6D4537D-9151-3FD9-EA39-42F39065A017}"
EndProject
Project("{FAE04EC0-301F-11D3-BF4B-00C04F79EFBC}") = "Unity5.6.0f3Gaze.Editor", "Unity5.6.0f3Gaze.Editor.csproj", "{D8A2609A-DD86-D1A2-F64B-4705A8E82CB1}"
EndProject
Global
	GlobalSection(SolutionConfigurationPlatforms) = preSolution
		Debug|Any CPU = Debug|Any CPU
		Release|Any CPU = Release|Any CPU
	EndGlobalSection
	GlobalSection(ProjectConfigurationPlatforms) = postSolution
		{A6D4537D-9151-3FD9-EA39-42F39065A017}.Debug|Any CPU.ActiveCfg = Debug|Any CPU
		{A6D4537D-9151-3FD9-EA39-42F39065A017}.Debug|Any CPU.Build.0 = Debug|Any CPU
		{A6D4537D-9151-3FD9-EA39-42F39065A017}.Release|Any CPU.ActiveCfg = Release|Any CPU
		{A6D4537D-9151-3FD9-EA39-42F39065A017}.Release|Any CPU.Build.0 = Release|Any CPU
		{D8A2609A-DD86-D1A2-F64B-4705A8E82CB1}.Debug|Any CPU.ActiveCfg = Debug|Any CPU
		{D8A2609A-DD86-D1A2-F64B-4705A8E82CB1}.Debug|Any CPU.Build.0 = Debug|Any CPU
		{D8A2609A-DD86-D1A2-F64B-4705A8E82CB1}.Release|Any CPU.ActiveCfg = Release|Any CPU
		{D8A2609A-DD86-D1A2-F64B-4705A8E82CB1}.Release|Any CPU.Build.0 = Release|Any CPU
	EndGlobalSection
	GlobalSection(SolutionProperties) = preSolution
		HideSolutionNode = FALSE
	EndGlobalSection
EndGlobal
